
Microsoft Visual Studio Solution File, Format Version 12.00
# Visual Studio Version 16
VisualStudioVersion = 16.0.29411.108
MinimumVisualStudioVersion = 10.0.40219.1
Project("{FAE04EC0-301F-11D3-BF4B-00C04F79EFBC}") = "PhinugCSharp8Demo", "PhinugCSharp8Demo\PhinugCSharp8Demo.csproj", "{283071FA-AEDE-40E5-960D-D707C12BEDAC}"
EndProject
Global
	GlobalSection(SolutionConfigurationPlatforms) = preSolution
		Debug|Any CPU = Debug|Any CPU
		Release|Any CPU = Release|Any CPU
	EndGlobalSection
	GlobalSection(ProjectConfigurationPlatforms) = postSolution
		{283071FA-AEDE-40E5-960D-D707C12BEDAC}.Debug|Any CPU.ActiveCfg = Debug|Any CPU
		{283071FA-AEDE-40E5-960D-D707C12BEDAC}.Debug|Any CPU.Build.0 = Debug|Any CPU
		{283071FA-AEDE-40E5-960D-D707C12BEDAC}.Release|Any CPU.ActiveCfg = Release|Any CPU
		{283071FA-AEDE-40E5-960D-D707C12BEDAC}.Release|Any CPU.Build.0 = Release|Any CPU
	EndGlobalSection
	GlobalSection(SolutionProperties) = preSolution
		HideSolutionNode = FALSE
	EndGlobalSection
	GlobalSection(ExtensibilityGlobals) = postSolution
		SolutionGuid = {ABC0F992-4317-49FB-8AD2-6EFF5BBE6D09}
	EndGlobalSection
EndGlobal
